
Microsoft Visual Studio Solution File, Format Version 12.00
# Visual Studio 15
VisualStudioVersion = 15.0.28010.2046
MinimumVisualStudioVersion = 10.0.40219.1
Project("{FAE04EC0-301F-11D3-BF4B-00C04F79EFBC}") = "Cafeine", "Cafeine\Cafeine.csproj", "{39C10A14-C3F2-42E6-A8E2-4153AE505772}"
EndProject
Global
	GlobalSection(SolutionConfigurationPlatforms) = preSolution
		Debug|ARM = Debug|ARM
		Debug|ARM64 = Debug|ARM64
		Debug|x64 = Debug|x64
		Debug|x86 = Debug|x86
		Release|ARM = Release|ARM
		Release|ARM64 = Release|ARM64
		Release|x64 = Release|x64
		Release|x86 = Release|x86
	EndGlobalSection
	GlobalSection(ProjectConfigurationPlatforms) = postSolution
		{39C10A14-C3F2-42E6-A8E2-4153AE505772}.Debug|ARM.ActiveCfg = Debug|ARM
		{39C10A14-C3F2-42E6-A8E2-4153AE505772}.Debug|ARM.Build.0 = Debug|ARM
		{39C10A14-C3F2-42E6-A8E2-4153AE505772}.Debug|ARM.Deploy.0 = Debug|ARM
		{39C10A14-C3F2-42E6-A8E2-4153AE505772}.Debug|ARM64.ActiveCfg = Debug|ARM64
		{39C10A14-C3F2-42E6-A8E2-4153AE505772}.Debug|ARM64.Build.0 = Debug|ARM64
		{39C10A14-C3F2-42E6-A8E2-4153AE505772}.Debug|ARM64.Deploy.0 = Debug|ARM64
		{39C10A14-C3F2-42E6-A8E2-4153AE505772}.Debug|x64.ActiveCfg = Debug|x64
		{39C10A14-C3F2-42E6-A8E2-4153AE505772}.Debug|x64.Build.0 = Debug|x64
		{39C10A14-C3F2-42E6-A8E2-4153AE505772}.Debug|x64.Deploy.0 = Debug|x64
		{39C10A14-C3F2-42E6-A8E2-4153AE505772}.Debug|x86.ActiveCfg = Debug|x86
		{39C10A14-C3F2-42E6-A8E2-4153AE505772}.Debug|x86.Build.0 = Debug|x86
		{39C10A14-C3F2-42E6-A8E2-4153AE505772}.Debug|x86.Deploy.0 = Debug|x86
		{39C10A14-C3F2-42E6-A8E2-4153AE505772}.Release|ARM.ActiveCfg = Release|ARM
		{39C10A14-C3F2-42E6-A8E2-4153AE505772}.Release|ARM.Build.0 = Release|ARM
		{39C10A14-C3F2-42E6-A8E2-4153AE505772}.Release|ARM.Deploy.0 = Release|ARM
		{39C10A14-C3F2-42E6-A8E2-4153AE505772}.Release|ARM64.ActiveCfg = Release|ARM64
		{39C10A14-C3F2-42E6-A8E2-4153AE505772}.Release|ARM64.Build.0 = Release|ARM64
		{39C10A14-C3F2-42E6-A8E2-4153AE505772}.Release|ARM64.Deploy.0 = Release|ARM64
		{39C10A14-C3F2-42E6-A8E2-4153AE505772}.Release|x64.ActiveCfg = Release|x64
		{39C10A14-C3F2-42E6-A8E2-4153AE505772}.Release|x64.Build.0 = Release|x64
		{39C10A14-C3F2-42E6-A8E2-4153AE505772}.Release|x64.Deploy.0 = Release|x64
		{39C10A14-C3F2-42E6-A8E2-4153AE505772}.Release|x86.ActiveCfg = Release|x86
		{39C10A14-C3F2-42E6-A8E2-4153AE505772}.Release|x86.Build.0 = Release|x86
		{39C10A14-C3F2-42E6-A8E2-4153AE505772}.Release|x86.Deploy.0 = Release|x86
	EndGlobalSection
	GlobalSection(SolutionProperties) = preSolution
		HideSolutionNode = FALSE
	EndGlobalSection
	GlobalSection(ExtensibilityGlobals) = postSolution
		SolutionGuid = {3A96C4D6-F1A9-4382-800F-740E185D0B21}
	EndGlobalSection
EndGlobal
